
Microsoft Visual Studio Solution File, Format Version 12.00
# Visual Studio Version 17
VisualStudioVersion = 17.10.34928.147
MinimumVisualStudioVersion = 10.0.40219.1
Project("{FAE04EC0-301F-11D3-BF4B-00C04F79EFBC}") = "POC_Group_Under_Group", "POC_Group_Under_Group\POC_Group_Under_Group.csproj", "{7ABB99C8-6643-4A51-8FFE-A3EADB2A3DFA}"
EndProject
Global
	GlobalSection(SolutionConfigurationPlatforms) = preSolution
		Debug|Any CPU = Debug|Any CPU
		Release|Any CPU = Release|Any CPU
	EndGlobalSection
	GlobalSection(ProjectConfigurationPlatforms) = postSolution
		{7ABB99C8-6643-4A51-8FFE-A3EADB2A3DFA}.Debug|Any CPU.ActiveCfg = Debug|Any CPU
		{7ABB99C8-6643-4A51-8FFE-A3EADB2A3DFA}.Debug|Any CPU.Build.0 = Debug|Any CPU
		{7ABB99C8-6643-4A51-8FFE-A3EADB2A3DFA}.Release|Any CPU.ActiveCfg = Release|Any CPU
		{7ABB99C8-6643-4A51-8FFE-A3EADB2A3DFA}.Release|Any CPU.Build.0 = Release|Any CPU
	EndGlobalSection
	GlobalSection(SolutionProperties) = preSolution
		HideSolutionNode = FALSE
	EndGlobalSection
	GlobalSection(ExtensibilityGlobals) = postSolution
		SolutionGuid = {093C489A-238A-4259-AC88-CBDC2060D9BA}
	EndGlobalSection
EndGlobal
